
Microsoft Visual Studio Solution File, Format Version 12.00
# Visual Studio Version 16
VisualStudioVersion = 16.0.30114.105
MinimumVisualStudioVersion = 10.0.40219.1
Project("{2150E333-8FDC-42A3-9474-1A3956D46DE8}") = "src", "src", "{2B1DDF70-ACC4-4122-92D1-708F0D8C17E2}"
EndProject
Project("{FAE04EC0-301F-11D3-BF4B-00C04F79EFBC}") = "DotNet.MongoDB.Context", "src\DotNet.MongoDB.Context\DotNet.MongoDB.Context.csproj", "{0B894657-A68F-427F-AC12-268702045D74}"
EndProject
Project("{FAE04EC0-301F-11D3-BF4B-00C04F79EFBC}") = "DotNet.MongoDB.Context.UnitTests", "src\DotNet.MongoDB.Context.UnitTests\DotNet.MongoDB.Context.UnitTests.csproj", "{6B4DE513-3DD2-4578-979C-90182EBD0834}"
EndProject
Global
	GlobalSection(SolutionConfigurationPlatforms) = preSolution
		Debug|Any CPU = Debug|Any CPU
		Release|Any CPU = Release|Any CPU
	EndGlobalSection
	GlobalSection(SolutionProperties) = preSolution
		HideSolutionNode = FALSE
	EndGlobalSection
	GlobalSection(ProjectConfigurationPlatforms) = postSolution
		{0B894657-A68F-427F-AC12-268702045D74}.Debug|Any CPU.ActiveCfg = Debug|Any CPU
		{0B894657-A68F-427F-AC12-268702045D74}.Debug|Any CPU.Build.0 = Debug|Any CPU
		{0B894657-A68F-427F-AC12-268702045D74}.Release|Any CPU.ActiveCfg = Release|Any CPU
		{0B894657-A68F-427F-AC12-268702045D74}.Release|Any CPU.Build.0 = Release|Any CPU
		{6B4DE513-3DD2-4578-979C-90182EBD0834}.Debug|Any CPU.ActiveCfg = Debug|Any CPU
		{6B4DE513-3DD2-4578-979C-90182EBD0834}.Debug|Any CPU.Build.0 = Debug|Any CPU
		{6B4DE513-3DD2-4578-979C-90182EBD0834}.Release|Any CPU.ActiveCfg = Release|Any CPU
		{6B4DE513-3DD2-4578-979C-90182EBD0834}.Release|Any CPU.Build.0 = Release|Any CPU
	EndGlobalSection
	GlobalSection(NestedProjects) = preSolution
		{0B894657-A68F-427F-AC12-268702045D74} = {2B1DDF70-ACC4-4122-92D1-708F0D8C17E2}
		{6B4DE513-3DD2-4578-979C-90182EBD0834} = {2B1DDF70-ACC4-4122-92D1-708F0D8C17E2}
	EndGlobalSection
EndGlobal
